// !$*UTF8*$!
{
	archiveVersion = 1;
	classes = {
	};
	objectVersion = 50;
	objects = {

/* Begin PBXBuildFile section */
		370377FB2685B37800B969A2 /* Default-568h@2x.png in Resources */ = {isa = PBXBuildFile; fileRef = 370377FA2685B37800B969A2 /* Default-568h@2x.png */; };
		370378002685B83800B969A2 /* Post.swift in Sources */ = {isa = PBXBuildFile; fileRef = 370377FF2685B83800B969A2 /* Post.swift */; };
		370378022685BA5E00B969A2 /* PostService.swift in Sources */ = {isa = PBXBuildFile; fileRef = 370378012685BA5E00B969A2 /* PostService.swift */; };
		37E0DF9126844B5000C23E21 /* AppDelegate.swift in Sources */ = {isa = PBXBuildFile; fileRef = 37E0DF9026844B5000C23E21 /* AppDelegate.swift */; };
		37E0DF9326844B5000C23E21 /* SceneDelegate.swift in Sources */ = {isa = PBXBuildFile; fileRef = 37E0DF9226844B5000C23E21 /* SceneDelegate.swift */; };
		37E0DF9526844B5000C23E21 /* ViewController.swift in Sources */ = {isa = PBXBuildFile; fileRef = 37E0DF9426844B5000C23E21 /* ViewController.swift */; };
		37E0DF9826844B5000C23E21 /* Main.storyboard in Resources */ = {isa = PBXBuildFile; fileRef = 37E0DF9626844B5000C23E21 /* Main.storyboard */; };
		37E0DF9A26844B5200C23E21 /* Assets.xcassets in Resources */ = {isa = PBXBuildFile; fileRef = 37E0DF9926844B5200C23E21 /* Assets.xcassets */; };
		37E0DF9D26844B5200C23E21 /* LaunchScreen.storyboard in Resources */ = {isa = PBXBuildFile; fileRef = 37E0DF9B26844B5200C23E21 /* LaunchScreen.storyboard */; };
/* End PBXBuildFile section */

/* Begin PBXFileReference section */
		370377FA2685B37800B969A2 /* Default-568h@2x.png */ = {isa = PBXFileReference; lastKnownFileType = image.png; path = "Default-568h@2x.png"; sourceTree = "<group>"; };
		370377FF2685B83800B969A2 /* Post.swift */ = {isa = PBXFileReference; lastKnownFileType = sourcecode.swift; path = Post.swift; sourceTree = "<group>"; };
		370378012685BA5E00B969A2 /* PostService.swift */ = {isa = PBXFileReference; lastKnownFileType = sourcecode.swift; path = PostService.swift; sourceTree = "<group>"; };
		37E0DF8D26844B5000C23E21 /* Networking.app */ = {isa = PBXFileReference; explicitFileType = wrapper.application; includeInIndex = 0; path = Networking.app; sourceTree = BUILT_PRODUCTS_DIR; };
		37E0DF9026844B5000C23E21 /* AppDelegate.swift */ = {isa = PBXFileReference; lastKnownFileType = sourcecode.swift; path = AppDelegate.swift; sourceTree = "<group>"; };
		37E0DF9226844B5000C23E21 /* SceneDelegate.swift */ = {isa = PBXFileReference; lastKnownFileType = sourcecode.swift; path = SceneDelegate.swift; sourceTree = "<group>"; };
		37E0DF9426844B5000C23E21 /* ViewController.swift */ = {isa = PBXFileReference; lastKnownFileType = sourcecode.swift; path = ViewController.swift; sourceTree = "<group>"; };
		37E0DF9726844B5000C23E21 /* Base */ = {isa = PBXFileReference; lastKnownFileType = file.storyboard; name = Base; path = Base.lproj/Main.storyboard; sourceTree = "<group>"; };
		37E0DF9926844B5200C23E21 /* Assets.xcassets */ = {isa = PBXFileReference; lastKnownFileType = folder.assetcatalog; path = Assets.xcassets; sourceTree = "<group>"; };
		37E0DF9C26844B5200C23E21 /* Base */ = {isa = PBXFileReference; lastKnownFileType = file.storyboard; name = Base; path = Base.lproj/LaunchScreen.storyboard; sourceTree = "<group>"; };
		37E0DF9E26844B5200C23E21 /* Info.plist */ = {isa = PBXFileReference; lastKnownFileType = text.plist.xml; path = Info.plist; sourceTree = "<group>"; };
/* End PBXFileReference section */

/* Begin PBXFrameworksBuildPhase section */
		37E0DF8A26844B5000C23E21 /* Frameworks */ = {
			isa = PBXFrameworksBuildPhase;
			buildActionMask = 2147483647;
			files = (
			);
			runOnlyForDeploymentPostprocessing = 0;
		};
/* End PBXFrameworksBuildPhase section */

/* Begin PBXGroup section */
		370377F82685AD5F00B969A2 /* Supporting Files */ = {
			isa = PBXGroup;
			children = (
				37E0DF9926844B5200C23E21 /* Assets.xcassets */,
				37E0DF9E26844B5200C23E21 /* Info.plist */,
			);
			path = "Supporting Files";
			sourceTree = "<group>";
		};
		370377FC2685B7F100B969A2 /* Model */ = {
			isa = PBXGroup;
			children = (
				370377FF2685B83800B969A2 /* Post.swift */,
				370378012685BA5E00B969A2 /* PostService.swift */,
			);
			path = Model;
			sourceTree = "<group>";
		};
		37E0DF8426844B5000C23E21 = {
			isa = PBXGroup;
			children = (
				370377FA2685B37800B969A2 /* Default-568h@2x.png */,
				37E0DF8F26844B5000C23E21 /* Networking */,
				37E0DF8E26844B5000C23E21 /* Products */,
			);
			sourceTree = "<group>";
		};
		37E0DF8E26844B5000C23E21 /* Products */ = {
			isa = PBXGroup;
			children = (
				37E0DF8D26844B5000C23E21 /* Networking.app */,
			);
			name = Products;
			sourceTree = "<group>";
		};
		37E0DF8F26844B5000C23E21 /* Networking */ = {
			isa = PBXGroup;
			children = (
				370377FC2685B7F100B969A2 /* Model */,
				370377F82685AD5F00B969A2 /* Supporting Files */,
				37E0DF9026844B5000C23E21 /* AppDelegate.swift */,
				37E0DF9226844B5000C23E21 /* SceneDelegate.swift */,
				37E0DF9426844B5000C23E21 /* ViewController.swift */,
				37E0DF9626844B5000C23E21 /* Main.storyboard */,
				37E0DF9B26844B5200C23E21 /* LaunchScreen.storyboard */,
			);
			path = Networking;
			sourceTree = "<group>";
		};
/* End PBXGroup section */

/* Begin PBXNativeTarget section */
		37E0DF8C26844B5000C23E21 /* Networking */ = {
			isa = PBXNativeTarget;
			buildConfigurationList = 37E0DFA126844B5200C23E21 /* Build configuration list for PBXNativeTarget "Networking" */;
			buildPhases = (
				37E0DF8926844B5000C23E21 /* Sources */,
				37E0DF8A26844B5000C23E21 /* Frameworks */,
				37E0DF8B26844B5000C23E21 /* Resources */,
			);
			buildRules = (
			);
			dependencies = (
			);
			name = Networking;
			productName = Networking;
			productReference = 37E0DF8D26844B5000C23E21 /* Networking.app */;
			productType = "com.apple.product-type.application";
		};
/* End PBXNativeTarget section */

/* Begin PBXProject section */
		37E0DF8526844B5000C23E21 /* Project object */ = {
			isa = PBXProject;
			attributes = {
				LastSwiftUpdateCheck = 1150;
				LastUpgradeCheck = 1150;
				ORGANIZATIONNAME = dhayalprema;
				TargetAttributes = {
					37E0DF8C26844B5000C23E21 = {
						CreatedOnToolsVersion = 11.5;
					};
				};
			};
			buildConfigurationList = 37E0DF8826844B5000C23E21 /* Build configuration list for PBXProject "Networking" */;
			compatibilityVersion = "Xcode 9.3";
			developmentRegion = en;
			hasScannedForEncodings = 0;
			knownRegions = (
				en,
				Base,
			);
			mainGroup = 37E0DF8426844B5000C23E21;
			productRefGroup = 37E0DF8E26844B5000C23E21 /* Products */;
			projectDirPath = "";
			projectRoot = "";
			targets = (
				37E0DF8C26844B5000C23E21 /* Networking */,
			);
		};
/* End PBXProject section */

/* Begin PBXResourcesBuildPhase section */
		37E0DF8B26844B5000C23E21 /* Resources */ = {
			isa = PBXResourcesBuildPhase;
			buildActionMask = 2147483647;
			files = (
				37E0DF9D26844B5200C23E21 /* LaunchScreen.storyboard in Resources */,
				370377FB2685B37800B969A2 /* Default-568h@2x.png in Resources */,
				37E0DF9A26844B5200C23E21 /* Assets.xcassets in Resources */,
				37E0DF9826844B5000C23E21 /* Main.storyboard in Resources */,
			);
			runOnlyForDeploymentPostprocessing = 0;
		};
/* End PBXResourcesBuildPhase section */

/* Begin PBXSourcesBuildPhase section */
		37E0DF8926844B5000C23E21 /* Sources */ = {
			isa = PBXSourcesBuildPhase;
			buildActionMask = 2147483647;
			files = (
				37E0DF9526844B5000C23E21 /* ViewController.swift in Sources */,
				370378022685BA5E00B969A2 /* PostService.swift in Sources */,
				37E0DF9126844B5000C23E21 /* AppDelegate.swift in Sources */,
				37E0DF9326844B5000C23E21 /* SceneDelegate.swift in Sources */,
				370378002685B83800B969A2 /* Post.swift in Sources */,
			);
			runOnlyForDeploymentPostprocessing = 0;
		};
/* End PBXSourcesBuildPhase section */

/* Begin PBXVariantGroup section */
		37E0DF9626844B5000C23E21 /* Main.storyboard */ = {
			isa = PBXVariantGroup;
			children = (
				37E0DF9726844B5000C23E21 /* Base */,
			);
			name = Main.storyboard;
			sourceTree = "<group>";
		};
		37E0DF9B26844B5200C23E21 /* LaunchScreen.storyboard */ = {
			isa = PBXVariantGroup;
			children = (
				37E0DF9C26844B5200C23E21 /* Base */,
			);
			name = LaunchScreen.storyboard;
			sourceTree = "<group>";
		};
/* End PBXVariantGroup section */

/* Begin XCBuildConfiguration section */
		37E0DF9F26844B5200C23E21 /* Debug */ = {
			isa = XCBuildConfiguration;
			buildSettings = {
				ALWAYS_SEARCH_USER_PATHS = NO;
				CLANG_ANALYZER_NONNULL = YES;
				CLANG_ANALYZER_NUMBER_OBJECT_CONVERSION = YES_AGGRESSIVE;
				CLANG_CXX_LANGUAGE_STANDARD = "gnu++14";
				CLANG_CXX_LIBRARY = "libc++";
				CLANG_ENABLE_MODULES = YES;
				CLANG_ENABLE_OBJC_ARC = YES;
				CLANG_ENABLE_OBJC_WEAK = YES;
				CLANG_WARN_BLOCK_CAPTURE_AUTORELEASING = YES;
				CLANG_WARN_BOOL_CONVERSION = YES;
				CLANG_WARN_COMMA = YES;
				CLANG_WARN_CONSTANT_CONVERSION = YES;
				CLANG_WARN_DEPRECATED_OBJC_IMPLEMENTATIONS = YES;
				CLANG_WARN_DIRECT_OBJC_ISA_USAGE = YES_ERROR;
				CLANG_WARN_DOCUMENTATION_COMMENTS = YES;
				CLANG_WARN_EMPTY_BODY = YES;
				CLANG_WARN_ENUM_CONVERSION = YES;
				CLANG_WARN_INFINITE_RECURSION = YES;
				CLANG_WARN_INT_CONVERSION = YES;
				CLANG_WARN_NON_LITERAL_NULL_CONVERSION = YES;
				CLANG_WARN_OBJC_IMPLICIT_RETAIN_SELF = YES;
				CLANG_WARN_OBJC_LITERAL_CONVERSION = YES;
				CLANG_WARN_OBJC_ROOT_CLASS = YES_ERROR;
				CLANG_WARN_RANGE_LOOP_ANALYSIS = YES;
				CLANG_WARN_STRICT_PROTOTYPES = YES;
				CLANG_WARN_SUSPICIOUS_MOVE = YES;
				CLANG_WARN_UNGUARDED_AVAILABILITY = YES_AGGRESSIVE;
				CLANG_WARN_UNREACHABLE_CODE = YES;
				CLANG_WARN__DUPLICATE_METHOD_MATCH = YES;
				COPY_PHASE_STRIP = NO;
				DEBUG_INFORMATION_FORMAT = dwarf;
				ENABLE_STRICT_OBJC_MSGSEND = YES;
				ENABLE_TESTABILITY = YES;
				GCC_C_LANGUAGE_STANDARD = gnu11;
				GCC_DYNAMIC_NO_PIC = NO;
				GCC_NO_COMMON_BLOCKS = YES;
				GCC_OPTIMIZATION_LEVEL = 0;
				GCC_PREPROCESSOR_DEFINITIONS = (
					"DEBUG=1",
					"$(inherited)",
				);
				GCC_WARN_64_TO_32_BIT_CONVERSION = YES;
				GCC_WARN_ABOUT_RETURN_TYPE = YES_ERROR;
				GCC_WARN_UNDECLARED_SELECTOR = YES;
				GCC_WARN_UNINITIALIZED_AUTOS = YES_AGGRESSIVE;
				GCC_WARN_UNUSED_FUNCTION = YES;
				GCC_WARN_UNUSED_VARIABLE = YES;
				IPHONEOS_DEPLOYMENT_TARGET = 13.5;
				MTL_ENABLE_DEBUG_INFO = INCLUDE_SOURCE;
				MTL_FAST_MATH = YES;
				ONLY_ACTIVE_ARCH = YES;
				SDKROOT = iphoneos;
				SWIFT_ACTIVE_COMPILATION_CONDITIONS = DEBUG;
				SWIFT_OPTIMIZATION_LEVEL = "-Onone";
			};
			name = Debug;
		};
		37E0DFA026844B5200C23E21 /* Release */ = {
			isa = XCBuildConfiguration;
			buildSettings = {
				ALWAYS_SEARCH_USER_PATHS = NO;
				CLANG_ANALYZER_NONNULL = YES;
				CLANG_ANALYZER_NUMBER_OBJECT_CONVERSION = YES_AGGRESSIVE;
				CLANG_CXX_LANGUAGE_STANDARD = "gnu++14";
				CLANG_CXX_LIBRARY = "libc++";
				CLANG_ENABLE_MODULES = YES;
				CLANG_ENABLE_OBJC_ARC = YES;
				CLANG_ENABLE_OBJC_WEAK = YES;
				CLANG_WARN_BLOCK_CAPTURE_AUTORELEASING = YES;
				CLANG_WARN_BOOL_CONVERSION = YES;
				CLANG_WARN_COMMA = YES;
				CLANG_WARN_CONSTANT_CONVERSION = YES;
				CLANG_WARN_DEPRECATED_OBJC_IMPLEMENTATIONS = YES;
				CLANG_WARN_DIRECT_OBJC_ISA_USAGE = YES_ERROR;
				CLANG_WARN_DOCUMENTATION_COMMENTS = YES;
				CLANG_WARN_EMPTY_BODY = YES;
				CLANG_WARN_ENUM_CONVERSION = YES;
				CLANG_WARN_INFINITE_RECURSION = YES;
				CLANG_WARN_INT_CONVERSION = YES;
				CLANG_WARN_NON_LITERAL_NULL_CONVERSION = YES;
				CLANG_WARN_OBJC_IMPLICIT_RETAIN_SELF = YES;
				CLANG_WARN_OBJC_LITERAL_CONVERSION = YES;
				CLANG_WARN_OBJC_ROOT_CLASS = YES_ERROR;
				CLANG_WARN_RANGE_LOOP_ANALYSIS = YES;
				CLANG_WARN_STRICT_PROTOTYPES = YES;
				CLANG_WARN_SUSPICIOUS_MOVE = YES;
				CLANG_WARN_UNGUARDED_AVAILABILITY = YES_AGGRESSIVE;
				CLANG_WARN_UNREACHABLE_CODE = YES;
				CLANG_WARN__DUPLICATE_METHOD_MATCH = YES;
				COPY_PHASE_STRIP = NO;
				DEBUG_INFORMATION_FORMAT = "dwarf-with-dsym";
				ENABLE_NS_ASSERTIONS = NO;
				ENABLE_STRICT_OBJC_MSGSEND = YES;
				GCC_C_LANGUAGE_STANDARD = gnu11;
				GCC_NO_COMMON_BLOCKS = YES;
				GCC_WARN_64_TO_32_BIT_CONVERSION = YES;
				GCC_WARN_ABOUT_RETURN_TYPE = YES_ERROR;
				GCC_WARN_UNDECLARED_SELECTOR = YES;
				GCC_WARN_UNINITIALIZED_AUTOS = YES_AGGRESSIVE;
				GCC_WARN_UNUSED_FUNCTION = YES;
				GCC_WARN_UNUSED_VARIABLE = YES;
				IPHONEOS_DEPLOYMENT_TARGET = 13.5;
				MTL_ENABLE_DEBUG_INFO = NO;
				MTL_FAST_MATH = YES;
				SDKROOT = iphoneos;
				SWIFT_COMPILATION_MODE = wholemodule;
				SWIFT_OPTIMIZATION_LEVEL = "-O";
				VALIDATE_PRODUCT = YES;
			};
			name = Release;
		};
		37E0DFA226844B5200C23E21 /* Debug */ = {
			isa = XCBuildConfiguration;
			buildSettings = {
				ASSETCATALOG_COMPILER_APPICON_NAME = AppIcon;
				CODE_SIGN_STYLE = Automatic;
				DEVELOPMENT_TEAM = SU36SZBL86;
				INFOPLIST_FILE = "Networking/Supporting Files/Info.plist";
				LD_RUNPATH_SEARCH_PATHS = (
					"$(inherited)",
					"@executable_path/Frameworks",
				);
				PRODUCT_BUNDLE_IDENTIFIER = com.carpoolee.Networking;
				PRODUCT_NAME = "$(TARGET_NAME)";
				SWIFT_VERSION = 5.0;
				TARGETED_DEVICE_FAMILY = "1,2";
			};
			name = Debug;
		};
		37E0DFA326844B5200C23E21 /* Release */ = {
			isa = XCBuildConfiguration;
			buildSettings = {
				ASSETCATALOG_COMPILER_APPICON_NAME = AppIcon;
				CODE_SIGN_STYLE = Automatic;
				DEVELOPMENT_TEAM = SU36SZBL86;
				INFOPLIST_FILE = "Networking/Supporting Files/Info.plist";
				LD_RUNPATH_SEARCH_PATHS = (
					"$(inherited)",
					"@executable_path/Frameworks",
				);
				PRODUCT_BUNDLE_IDENTIFIER = com.carpoolee.Networking;
				PRODUCT_NAME = "$(TARGET_NAME)";
				SWIFT_VERSION = 5.0;
				TARGETED_DEVICE_FAMILY = "1,2";
			};
			name = Release;
		};
/* End XCBuildConfiguration section */

/* Begin XCConfigurationList section */
		37E0DF8826844B5000C23E21 /* Build configuration list for PBXProject "Networking" */ = {
			isa = XCConfigurationList;
			buildConfigurations = (
				37E0DF9F26844B5200C23E21 /* Debug */,
				37E0DFA026844B5200C23E21 /* Release */,
			);
			defaultConfigurationIsVisible = 0;
			defaultConfigurationName = Release;
		};
		37E0DFA126844B5200C23E21 /* Build configuration list for PBXNativeTarget "Networking" */ = {
			isa = XCConfigurationList;
			buildConfigurations = (
				37E0DFA226844B5200C23E21 /* Debug */,
				37E0DFA326844B5200C23E21 /* Release */,
			);
			defaultConfigurationIsVisible = 0;
			defaultConfigurationName = Release;
		};
/* End XCConfigurationList section */
	};
	rootObject = 37E0DF8526844B5000C23E21 /* Project object */;
}
